
Microsoft Visual Studio Solution File, Format Version 12.00
# Visual Studio Version 17
VisualStudioVersion = 17.6.33712.159
MinimumVisualStudioVersion = 10.0.40219.1
Project("{9A19103F-16F7-4668-BE54-9A1E7A4F7556}") = "toothApi", "toothApi.csproj", "{15799BAC-E52B-4F7B-BA85-3FB38A0C0678}"
EndProject
Global
	GlobalSection(SolutionConfigurationPlatforms) = preSolution
		Debug|Any CPU = Debug|Any CPU
		Release|Any CPU = Release|Any CPU
	EndGlobalSection
	GlobalSection(ProjectConfigurationPlatforms) = postSolution
		{15799BAC-E52B-4F7B-BA85-3FB38A0C0678}.Debug|Any CPU.ActiveCfg = Debug|Any CPU
		{15799BAC-E52B-4F7B-BA85-3FB38A0C0678}.Debug|Any CPU.Build.0 = Debug|Any CPU
		{15799BAC-E52B-4F7B-BA85-3FB38A0C0678}.Release|Any CPU.ActiveCfg = Release|Any CPU
		{15799BAC-E52B-4F7B-BA85-3FB38A0C0678}.Release|Any CPU.Build.0 = Release|Any CPU
	EndGlobalSection
	GlobalSection(SolutionProperties) = preSolution
		HideSolutionNode = FALSE
	EndGlobalSection
	GlobalSection(ExtensibilityGlobals) = postSolution
		SolutionGuid = {A1913E39-B7EE-4CC9-AAC6-42BF376187C4}
	EndGlobalSection
EndGlobal
